
Microsoft Visual Studio Solution File, Format Version 12.00
# Visual Studio 2013
VisualStudioVersion = 12.0.31101.0
MinimumVisualStudioVersion = 10.0.40219.1
Project("{FAE04EC0-301F-11D3-BF4B-00C04F79EFBC}") = "Game", "Game\Game.csproj", "{2B02D84E-7360-4B23-AEB8-8DBC71F8FC30}"
EndProject
Project("{FAE04EC0-301F-11D3-BF4B-00C04F79EFBC}") = "Testing", "Testing\Testing.csproj", "{508C3991-D001-4CAD-BCD8-029426686F48}"
EndProject
Project("{F088123C-0E9E-452A-89E6-6BA2F21D5CAC}") = "ModelingProject1", "ModelingProject1\ModelingProject1.modelproj", "{4D4AEF77-0C97-4876-94EB-83E0F4504F64}"
EndProject
Global
	GlobalSection(SolutionConfigurationPlatforms) = preSolution
		Debug|Any CPU = Debug|Any CPU
		Release|Any CPU = Release|Any CPU
	EndGlobalSection
	GlobalSection(ProjectConfigurationPlatforms) = postSolution
		{2B02D84E-7360-4B23-AEB8-8DBC71F8FC30}.Debug|Any CPU.ActiveCfg = Debug|Any CPU
		{2B02D84E-7360-4B23-AEB8-8DBC71F8FC30}.Debug|Any CPU.Build.0 = Debug|Any CPU
		{2B02D84E-7360-4B23-AEB8-8DBC71F8FC30}.Release|Any CPU.ActiveCfg = Release|Any CPU
		{2B02D84E-7360-4B23-AEB8-8DBC71F8FC30}.Release|Any CPU.Build.0 = Release|Any CPU
		{508C3991-D001-4CAD-BCD8-029426686F48}.Debug|Any CPU.ActiveCfg = Debug|Any CPU
		{508C3991-D001-4CAD-BCD8-029426686F48}.Debug|Any CPU.Build.0 = Debug|Any CPU
		{508C3991-D001-4CAD-BCD8-029426686F48}.Release|Any CPU.ActiveCfg = Release|Any CPU
		{508C3991-D001-4CAD-BCD8-029426686F48}.Release|Any CPU.Build.0 = Release|Any CPU
		{4D4AEF77-0C97-4876-94EB-83E0F4504F64}.Debug|Any CPU.ActiveCfg = Debug|Any CPU
		{4D4AEF77-0C97-4876-94EB-83E0F4504F64}.Debug|Any CPU.Build.0 = Debug|Any CPU
		{4D4AEF77-0C97-4876-94EB-83E0F4504F64}.Release|Any CPU.ActiveCfg = Release|Any CPU
		{4D4AEF77-0C97-4876-94EB-83E0F4504F64}.Release|Any CPU.Build.0 = Release|Any CPU
	EndGlobalSection
	GlobalSection(SolutionProperties) = preSolution
		HideSolutionNode = FALSE
	EndGlobalSection
EndGlobal
